# This file is autogenerated, do not edit; changes may be undone by the next 'dep ensure'.


[[projects]]
  digest = "1:8b4d009bfb2d13472dad368bf7520c482dd7f8a190436da4e6d52111c0a2e697"
  name = "github.com/aws/aws-lambda-go"
  packages = [
    "events",
    "lambda",
    "lambda/messages",
    "lambdacontext",
  ]
  pruneopts = "UT"
  revision = "9e3676ee8ca83aee500682f382e10b9d03660093"
  version = "v1.8.0"

[[projects]]
  digest = "1:7b717cf331b3737b4fdf30f73d041ef2c21a35e1eda6533f3f6fb12102793fd3"
  name = "github.com/awslabs/aws-lambda-go-api-proxy"
  packages = [
    "core",
    "gin",
  ]
  pruneopts = "UT"
  revision = "5e023998abc6065e7a1ba4efb4c66fbd5eb7163a"
  version = "v0.2.0"

[[projects]]
  digest = "1:2b59aca2665ff804f6606c8829eaee133ddd3aefbc841014660d961b0034f888"
  name = "github.com/gin-contrib/cors"
  packages = ["."]
  pruneopts = "UT"
  revision = "cf4846e6a636a76237a28d9286f163c132e841bc"
  version = "v1.2"

[[projects]]
  branch = "master"
  digest = "1:36fe9527deed01d2a317617e59304eb2c4ce9f8a24115bcc5c2e37b3aee5bae4"
  name = "github.com/gin-contrib/sse"
  packages = ["."]
  pruneopts = "UT"
  revision = "22d885f9ecc78bf4ee5d72b937e4bbcdc58e8cae"

[[projects]]
  digest = "1:d5083934eb25e45d17f72ffa86cae3814f4a9d6c073c4f16b64147169b245606"
  name = "github.com/gin-gonic/gin"
  packages = [
    ".",
    "binding",
    "json",
    "render",
  ]
  pruneopts = "UT"
  revision = "b869fe1415e4b9eb52f247441830d502aece2d4d"
  version = "v1.3.0"

[[projects]]
  digest = "1:8a4c75e7e775ead4be2a7284002e1daac137301c3cde0de9fe6a0ee75d48dd63"
  name = "github.com/golang/protobuf"
  packages = ["proto"]
  pruneopts = "UT"
  revision = "874264fbbb43f4d91e999fecb4b40143ed611400"

[[projects]]
  digest = "1:b515042bea97d16133d67491e90236295e5669ee55e424ce75b907079e5bf628"
  name = "github.com/gopherjs/gopherjs"
  packages = ["js"]
  pruneopts = "UT"
  revision = "090403452ab6979e3b7c054ceb7ee23da91b2ae4"

[[projects]]
  digest = "1:3e551bbb3a7c0ab2a2bf4660e7fcad16db089fdcfbb44b0199e62838038623ea"
  name = "github.com/json-iterator/go"
  packages = ["."]
  pruneopts = "UT"
  revision = "1624edc4454b8682399def8740d46db5e4362ba4"
  version = "v1.1.5"

[[projects]]
  digest = "1:e60e4265f8a89c03c9a01de4849f413e8db802662176e4087d0fdbad868bf5f3"
  name = "github.com/jtolds/gls"
  packages = ["."]
  pruneopts = "UT"
  revision = "8ddce2a84170772b95dd5d576c48d517b22cac63"
  version = "v4.2.0"

[[projects]]
  digest = "1:0981502f9816113c9c8c4ac301583841855c8cf4da8c72f696b3ebedf6d0e4e5"
  name = "github.com/mattn/go-isatty"
  packages = ["."]
  pruneopts = "UT"
  revision = "6ca4dbf54d38eea1a992b3c722a76a5d1c4cb25c"
  version = "v0.0.4"

[[projects]]
  digest = "1:33422d238f147d247752996a26574ac48dcf472976eda7f5134015f06bf16563"
  name = "github.com/modern-go/concurrent"
  packages = ["."]
  pruneopts = "UT"
  revision = "bacd9c7ef1dd9b15be4a9909b8ac7a4e313eec94"
  version = "1.0.3"

[[projects]]
  digest = "1:e32bdbdb7c377a07a9a46378290059822efdce5c8d96fe71940d87cb4f918855"
  name = "github.com/modern-go/reflect2"
  packages = ["."]
  pruneopts = "UT"
  revision = "4b7aa43c6742a2c18fdef89dd197aaae7dac7ccd"
  version = "1.0.1"

[[projects]]
  digest = "1:410a4a18591297a037010bc6e36af145db1c5cb9abadd1d9dfece5f59c90aebb"
  name = "github.com/smartystreets/assertions"
  packages = [
    ".",
    "internal/go-render/render",
    "internal/oglematchers",
  ]
  pruneopts = "UT"
  revision = "2063fd1cc7c975db70502811a34b06ad034ccdf2"

[[projects]]
  digest = "1:d5bd4e33832395b3473f52d9cb629137166d506802ae1c6970f88587a52664c2"
  name = "github.com/smartystreets/goconvey"
  packages = [
    "convey",
    "convey/gotest",
    "convey/reporting",
  ]
  pruneopts = "UT"
  revision = "d4c757aa9afd1e2fc1832aaab209b5794eb336e1"
  version = "1.6.2"

[[projects]]
  digest = "1:03aa6e485e528acb119fb32901cf99582c380225fc7d5a02758e08b180cb56c3"
  name = "github.com/ugorji/go"
  packages = ["codec"]
  pruneopts = "UT"
  revision = "b4c50a2b199d93b13dc15e78929cfb23bfdf21ab"
  version = "v1.1.1"

[[projects]]
  branch = "master"
  digest = "1:5004e851e5eccde563d17871cd9d11c82e2faa578b1a0de81dc74867ad3845a4"
  name = "golang.org/x/sys"
  packages = ["unix"]
  pruneopts = "UT"
  revision = "82a175fd1598e8a172e58ebdf5ed262bb29129e5"

[[projects]]
  digest = "1:cbc72c4c4886a918d6ab4b95e347ffe259846260f99ebdd8a198c2331cf2b2e9"
  name = "gopkg.in/go-playground/validator.v8"
  packages = ["."]
  pruneopts = "UT"
  revision = "5f1438d3fca68893a817e4a66806cea46a9e4ebf"
  version = "v8.18.2"

[[projects]]
  digest = "1:4d2e5a73dc1500038e504a8d78b986630e3626dc027bc030ba5c75da257cdb96"
  name = "gopkg.in/yaml.v2"
  packages = ["."]
  pruneopts = "UT"
  revision = "51d6538a90f86fe93ac480b35f37b2be17fef232"
  version = "v2.2.2"

[solve-meta]
  analyzer-name = "dep"
  analyzer-version = 1
  input-imports = [
    "github.com/aws/aws-lambda-go/events",
    "github.com/aws/aws-lambda-go/lambda",
    "github.com/awslabs/aws-lambda-go-api-proxy/gin",
    "github.com/gin-contrib/cors",
    "github.com/gin-gonic/gin",
    "github.com/smartystreets/goconvey/convey",
  ]
  solver-name = "gps-cdcl"
  solver-version = 1
